
Microsoft Visual Studio Solution File, Format Version 12.00
# Visual Studio Version 17
VisualStudioVersion = 17.14.36623.8
MinimumVisualStudioVersion = 10.0.40219.1
Project("{FAE04EC0-301F-11D3-BF4B-00C04F79EFBC}") = "TaskManager.Api", "TaskManager.Api\TaskManager.Api.csproj", "{8ADAFAE7-1E85-4258-ADE5-546F3F981BAC}"
EndProject
Global
	GlobalSection(SolutionConfigurationPlatforms) = preSolution
		Debug|Any CPU = Debug|Any CPU
		Release|Any CPU = Release|Any CPU
	EndGlobalSection
	GlobalSection(ProjectConfigurationPlatforms) = postSolution
		{8ADAFAE7-1E85-4258-ADE5-546F3F981BAC}.Debug|Any CPU.ActiveCfg = Debug|Any CPU
		{8ADAFAE7-1E85-4258-ADE5-546F3F981BAC}.Debug|Any CPU.Build.0 = Debug|Any CPU
		{8ADAFAE7-1E85-4258-ADE5-546F3F981BAC}.Release|Any CPU.ActiveCfg = Release|Any CPU
		{8ADAFAE7-1E85-4258-ADE5-546F3F981BAC}.Release|Any CPU.Build.0 = Release|Any CPU
	EndGlobalSection
	GlobalSection(SolutionProperties) = preSolution
		HideSolutionNode = FALSE
	EndGlobalSection
	GlobalSection(ExtensibilityGlobals) = postSolution
		SolutionGuid = {20019BE2-4A8D-46E3-8857-8A9D7F26E0A7}
	EndGlobalSection
EndGlobal
